// !$*UTF8*$!
{
	archiveVersion = 1;
	classes = {
	};
	objectVersion = 52;
	objects = {

/* Begin PBXBuildFile section */
		9F23E30A25D97C2C00F31550 /* AppDelegate.swift in Sources */ = {isa = PBXBuildFile; fileRef = 9F23E30925D97C2C00F31550 /* AppDelegate.swift */; };
		9F23E30C25D97C2C00F31550 /* SceneDelegate.swift in Sources */ = {isa = PBXBuildFile; fileRef = 9F23E30B25D97C2C00F31550 /* SceneDelegate.swift */; };
		9F23E30E25D97C2C00F31550 /* GalleryViewController.swift in Sources */ = {isa = PBXBuildFile; fileRef = 9F23E30D25D97C2C00F31550 /* GalleryViewController.swift */; };
		9F23E31325D97C2D00F31550 /* Assets.xcassets in Resources */ = {isa = PBXBuildFile; fileRef = 9F23E31225D97C2D00F31550 /* Assets.xcassets */; };
		9F23E31625D97C2D00F31550 /* LaunchScreen.storyboard in Resources */ = {isa = PBXBuildFile; fileRef = 9F23E31425D97C2D00F31550 /* LaunchScreen.storyboard */; };
		9F23E34625D97E1000F31550 /* AppCoordinator.swift in Sources */ = {isa = PBXBuildFile; fileRef = 9F23E34525D97E1000F31550 /* AppCoordinator.swift */; };
		9F23E35325D97EFD00F31550 /* NetworkingModule in Frameworks */ = {isa = PBXBuildFile; productRef = 9F23E35225D97EFD00F31550 /* NetworkingModule */; };
		9F23E35D25D9834C00F31550 /* ImageManager.swift in Sources */ = {isa = PBXBuildFile; fileRef = 9F23E35C25D9834C00F31550 /* ImageManager.swift */; };
		9F23E36125D983C600F31550 /* ImageStore.swift in Sources */ = {isa = PBXBuildFile; fileRef = 9F23E36025D983C600F31550 /* ImageStore.swift */; };
		9F23E36625D9841D00F31550 /* ImageEndpoint.swift in Sources */ = {isa = PBXBuildFile; fileRef = 9F23E36525D9841D00F31550 /* ImageEndpoint.swift */; };
		9F23E36D25D9890000F31550 /* ImageEndpointTests.swift in Sources */ = {isa = PBXBuildFile; fileRef = 9F23E36C25D9890000F31550 /* ImageEndpointTests.swift */; };
		9F23E37325D98A2900F31550 /* ImageManagerTests.swift in Sources */ = {isa = PBXBuildFile; fileRef = 9F23E37225D98A2900F31550 /* ImageManagerTests.swift */; };
		9F23E37825D98A6600F31550 /* MockNetworking.swift in Sources */ = {isa = PBXBuildFile; fileRef = 9F23E37725D98A6600F31550 /* MockNetworking.swift */; };
		9F23E39325D992E700F31550 /* SearchEndpoint.swift in Sources */ = {isa = PBXBuildFile; fileRef = 9F23E39225D992E700F31550 /* SearchEndpoint.swift */; };
		9F23E39C25D995E700F31550 /* PhotosResponse.swift in Sources */ = {isa = PBXBuildFile; fileRef = 9F23E39B25D995E700F31550 /* PhotosResponse.swift */; };
		9F23E3A425D996EE00F31550 /* SizeResponse.swift in Sources */ = {isa = PBXBuildFile; fileRef = 9F23E3A325D996EE00F31550 /* SizeResponse.swift */; };
		9F23E3A825D99B4000F31550 /* GetSizesEndpoint.swift in Sources */ = {isa = PBXBuildFile; fileRef = 9F23E3A725D99B4000F31550 /* GetSizesEndpoint.swift */; };
		9F23E3AF25D99CE900F31550 /* GetSizesEndpointTests.swift in Sources */ = {isa = PBXBuildFile; fileRef = 9F23E3AE25D99CE900F31550 /* GetSizesEndpointTests.swift */; };
		9F23E3B625D99E7400F31550 /* SearchEndpointTests.swift in Sources */ = {isa = PBXBuildFile; fileRef = 9F23E3B525D99E7400F31550 /* SearchEndpointTests.swift */; };
		9F23E3BE25D9A03E00F31550 /* GalleryRepository.swift in Sources */ = {isa = PBXBuildFile; fileRef = 9F23E3BB25D9A03E00F31550 /* GalleryRepository.swift */; };
		9F23E3BF25D9A03E00F31550 /* GalleryPresenter.swift in Sources */ = {isa = PBXBuildFile; fileRef = 9F23E3BC25D9A03E00F31550 /* GalleryPresenter.swift */; };
		9F23E3C025D9A03E00F31550 /* GalleryProtocols.swift in Sources */ = {isa = PBXBuildFile; fileRef = 9F23E3BD25D9A03E00F31550 /* GalleryProtocols.swift */; };
		9F23E3C425D9A4D100F31550 /* Flickr-Info.plist in Resources */ = {isa = PBXBuildFile; fileRef = 9F23E3C325D9A4D100F31550 /* Flickr-Info.plist */; };
		9F23E3C925D9A60700F31550 /* KeyManager.swift in Sources */ = {isa = PBXBuildFile; fileRef = 9F23E3C825D9A60700F31550 /* KeyManager.swift */; };
		9F23E3CE25D9D2FB00F31550 /* GalleryStrings.swift in Sources */ = {isa = PBXBuildFile; fileRef = 9F23E3CD25D9D2FB00F31550 /* GalleryStrings.swift */; };
		9F23E3D225D9D33D00F31550 /* GalleryStrings.strings in Resources */ = {isa = PBXBuildFile; fileRef = 9F23E3D125D9D33D00F31550 /* GalleryStrings.strings */; };
		9F23E3DB25D9DE6000F31550 /* GalleryRepositoryTests.swift in Sources */ = {isa = PBXBuildFile; fileRef = 9F23E3DA25D9DE6000F31550 /* GalleryRepositoryTests.swift */; };
		9F23E3E125D9DF1600F31550 /* SearchResponseMock.swift in Sources */ = {isa = PBXBuildFile; fileRef = 9F23E3E025D9DF1600F31550 /* SearchResponseMock.swift */; };
		9F23E3E725D9E26300F31550 /* GalleryRepositoryMock.swift in Sources */ = {isa = PBXBuildFile; fileRef = 9F23E3E625D9E26300F31550 /* GalleryRepositoryMock.swift */; };
		9F23E3EB25D9E37300F31550 /* GalleryViewControllerMock.swift in Sources */ = {isa = PBXBuildFile; fileRef = 9F23E3EA25D9E37300F31550 /* GalleryViewControllerMock.swift */; };
		9F23E3EF25D9E4CD00F31550 /* GalleryPresenterTests.swift in Sources */ = {isa = PBXBuildFile; fileRef = 9F23E3EE25D9E4CD00F31550 /* GalleryPresenterTests.swift */; };
		9F23E3F325D9ECD900F31550 /* GalleryPresenterMock.swift in Sources */ = {isa = PBXBuildFile; fileRef = 9F23E3F225D9ECD900F31550 /* GalleryPresenterMock.swift */; };
		9F23E3F725D9ED9400F31550 /* GalleryViewControllerTests.swift in Sources */ = {isa = PBXBuildFile; fileRef = 9F23E3F625D9ED9400F31550 /* GalleryViewControllerTests.swift */; };
		9F23E3FD25D9F12F00F31550 /* AppCoordinatorTests.swift in Sources */ = {isa = PBXBuildFile; fileRef = 9F23E3FC25D9F12F00F31550 /* AppCoordinatorTests.swift */; };
		9F23E40625D9F96500F31550 /* PhotoCell.swift in Sources */ = {isa = PBXBuildFile; fileRef = 9F23E40525D9F96500F31550 /* PhotoCell.swift */; };
		9F23E40A25D9FBE200F31550 /* ImageDownloader.swift in Sources */ = {isa = PBXBuildFile; fileRef = 9F23E40925D9FBE200F31550 /* ImageDownloader.swift */; };
		9F23E40E25DA02BB00F31550 /* PhotosDataSource.swift in Sources */ = {isa = PBXBuildFile; fileRef = 9F23E40D25DA02BB00F31550 /* PhotosDataSource.swift */; };
		9F23E41225DA030600F31550 /* PhotosViewModel.swift in Sources */ = {isa = PBXBuildFile; fileRef = 9F23E41125DA030600F31550 /* PhotosViewModel.swift */; };
		9F23E41625DA04FE00F31550 /* PhotosView.swift in Sources */ = {isa = PBXBuildFile; fileRef = 9F23E41525DA04FE00F31550 /* PhotosView.swift */; };
		9F23E42025DAA16700F31550 /* LoadingView.swift in Sources */ = {isa = PBXBuildFile; fileRef = 9F23E41F25DAA16700F31550 /* LoadingView.swift */; };
		9F23E42525DAA7DF00F31550 /* GalleryColors.swift in Sources */ = {isa = PBXBuildFile; fileRef = 9F23E42425DAA7DF00F31550 /* GalleryColors.swift */; };
		9F23E42D25DAC82C00F31550 /* GalleryColorsTests.swift in Sources */ = {isa = PBXBuildFile; fileRef = 9F23E42C25DAC82C00F31550 /* GalleryColorsTests.swift */; };
		9F23E43525DACBC900F31550 /* ImageDownloaderTests.swift in Sources */ = {isa = PBXBuildFile; fileRef = 9F23E43425DACBC900F31550 /* ImageDownloaderTests.swift */; };
		9F23E43B25DACC1000F31550 /* ImageManagerMock.swift in Sources */ = {isa = PBXBuildFile; fileRef = 9F23E43A25DACC1000F31550 /* ImageManagerMock.swift */; };
		9F23E43F25DAD77400F31550 /* GetSizesResponseMock.swift in Sources */ = {isa = PBXBuildFile; fileRef = 9F23E43E25DAD77400F31550 /* GetSizesResponseMock.swift */; };
		9F23E44425DADDC000F31550 /* LoadingViewTests.swift in Sources */ = {isa = PBXBuildFile; fileRef = 9F23E44325DADDC000F31550 /* LoadingViewTests.swift */; };
		9F23E44B25DADE4100F31550 /* SnapshotTesting in Frameworks */ = {isa = PBXBuildFile; productRef = 9F23E44A25DADE4100F31550 /* SnapshotTesting */; };
		9F23E45025DADFD300F31550 /* PhotoCellTests.swift in Sources */ = {isa = PBXBuildFile; fileRef = 9F23E44F25DADFD300F31550 /* PhotoCellTests.swift */; };
		9F23E45625DAE05800F31550 /* ImageMock.swift in Sources */ = {isa = PBXBuildFile; fileRef = 9F23E45525DAE05800F31550 /* ImageMock.swift */; };
		9F23E45A25DAE20100F31550 /* PhotosDataSourceTests.swift in Sources */ = {isa = PBXBuildFile; fileRef = 9F23E45925DAE20100F31550 /* PhotosDataSourceTests.swift */; };
		9F23E45E25DAE2B700F31550 /* ImageDownloaderMock.swift in Sources */ = {isa = PBXBuildFile; fileRef = 9F23E45D25DAE2B700F31550 /* ImageDownloaderMock.swift */; };
		9F23E46225DAEB2D00F31550 /* PhotosViewTests.swift in Sources */ = {isa = PBXBuildFile; fileRef = 9F23E46125DAEB2D00F31550 /* PhotosViewTests.swift */; };
		9F8E40ED25DBD40A00E5A86C /* PhotoDetailView.swift in Sources */ = {isa = PBXBuildFile; fileRef = 9F8E40EC25DBD40A00E5A86C /* PhotoDetailView.swift */; };
		9F8E40F325DBD7F000E5A86C /* PhotoDetailViewModel.swift in Sources */ = {isa = PBXBuildFile; fileRef = 9F8E40F225DBD7F000E5A86C /* PhotoDetailViewModel.swift */; };
		9F8E40F725DBD87800E5A86C /* PhotoDetailProtocols.swift in Sources */ = {isa = PBXBuildFile; fileRef = 9F8E40F625DBD87800E5A86C /* PhotoDetailProtocols.swift */; };
		9F8E40FB25DBD90400E5A86C /* PhotoDetailViewController.swift in Sources */ = {isa = PBXBuildFile; fileRef = 9F8E40FA25DBD90400E5A86C /* PhotoDetailViewController.swift */; };
		9F8E40FF25DBD9A300E5A86C /* PhotoDetailPresenter.swift in Sources */ = {isa = PBXBuildFile; fileRef = 9F8E40FE25DBD9A300E5A86C /* PhotoDetailPresenter.swift */; };
		9F8E410525DBE20E00E5A86C /* PhotoDetailViewTests.swift in Sources */ = {isa = PBXBuildFile; fileRef = 9F8E410425DBE20E00E5A86C /* PhotoDetailViewTests.swift */; };
		9F8E411025DBE89F00E5A86C /* PhotoDetailPresentMock.swift in Sources */ = {isa = PBXBuildFile; fileRef = 9F8E410F25DBE89F00E5A86C /* PhotoDetailPresentMock.swift */; };
		9F8E411625DBE90C00E5A86C /* PhotoDetailViewController.swift in Sources */ = {isa = PBXBuildFile; fileRef = 9F8E411525DBE90C00E5A86C /* PhotoDetailViewController.swift */; };
/* End PBXBuildFile section */

/* Begin PBXContainerItemProxy section */
		9F23E31D25D97C2D00F31550 /* PBXContainerItemProxy */ = {
			isa = PBXContainerItemProxy;
			containerPortal = 9F23E2FE25D97C2C00F31550 /* Project object */;
			proxyType = 1;
			remoteGlobalIDString = 9F23E30525D97C2C00F31550;
			remoteInfo = GalleryApp;
		};
/* End PBXContainerItemProxy section */

/* Begin PBXFileReference section */
		9F23E30625D97C2C00F31550 /* GalleryApp.app */ = {isa = PBXFileReference; explicitFileType = wrapper.application; includeInIndex = 0; path = GalleryApp.app; sourceTree = BUILT_PRODUCTS_DIR; };
		9F23E30925D97C2C00F31550 /* AppDelegate.swift */ = {isa = PBXFileReference; lastKnownFileType = sourcecode.swift; path = AppDelegate.swift; sourceTree = "<group>"; };
		9F23E30B25D97C2C00F31550 /* SceneDelegate.swift */ = {isa = PBXFileReference; lastKnownFileType = sourcecode.swift; path = SceneDelegate.swift; sourceTree = "<group>"; };
		9F23E30D25D97C2C00F31550 /* GalleryViewController.swift */ = {isa = PBXFileReference; lastKnownFileType = sourcecode.swift; path = GalleryViewController.swift; sourceTree = "<group>"; };
		9F23E31225D97C2D00F31550 /* Assets.xcassets */ = {isa = PBXFileReference; lastKnownFileType = folder.assetcatalog; path = Assets.xcassets; sourceTree = "<group>"; };
		9F23E31525D97C2D00F31550 /* Base */ = {isa = PBXFileReference; lastKnownFileType = file.storyboard; name = Base; path = Base.lproj/LaunchScreen.storyboard; sourceTree = "<group>"; };
		9F23E31725D97C2D00F31550 /* Info.plist */ = {isa = PBXFileReference; lastKnownFileType = text.plist.xml; path = Info.plist; sourceTree = "<group>"; };
		9F23E31C25D97C2D00F31550 /* GalleryAppTests.xctest */ = {isa = PBXFileReference; explicitFileType = wrapper.cfbundle; includeInIndex = 0; path = GalleryAppTests.xctest; sourceTree = BUILT_PRODUCTS_DIR; };
		9F23E32225D97C2D00F31550 /* Info.plist */ = {isa = PBXFileReference; lastKnownFileType = text.plist.xml; path = Info.plist; sourceTree = "<group>"; };
		9F23E34525D97E1000F31550 /* AppCoordinator.swift */ = {isa = PBXFileReference; lastKnownFileType = sourcecode.swift; path = AppCoordinator.swift; sourceTree = "<group>"; };
		9F23E35C25D9834C00F31550 /* ImageManager.swift */ = {isa = PBXFileReference; lastKnownFileType = sourcecode.swift; path = ImageManager.swift; sourceTree = "<group>"; };
		9F23E36025D983C600F31550 /* ImageStore.swift */ = {isa = PBXFileReference; lastKnownFileType = sourcecode.swift; path = ImageStore.swift; sourceTree = "<group>"; };
		9F23E36525D9841D00F31550 /* ImageEndpoint.swift */ = {isa = PBXFileReference; lastKnownFileType = sourcecode.swift; path = ImageEndpoint.swift; sourceTree = "<group>"; };
		9F23E36C25D9890000F31550 /* ImageEndpointTests.swift */ = {isa = PBXFileReference; lastKnownFileType = sourcecode.swift; path = ImageEndpointTests.swift; sourceTree = "<group>"; };
		9F23E37225D98A2900F31550 /* ImageManagerTests.swift */ = {isa = PBXFileReference; lastKnownFileType = sourcecode.swift; path = ImageManagerTests.swift; sourceTree = "<group>"; };
		9F23E37725D98A6600F31550 /* MockNetworking.swift */ = {isa = PBXFileReference; lastKnownFileType = sourcecode.swift; path = MockNetworking.swift; sourceTree = "<group>"; };
		9F23E39225D992E700F31550 /* SearchEndpoint.swift */ = {isa = PBXFileReference; lastKnownFileType = sourcecode.swift; path = SearchEndpoint.swift; sourceTree = "<group>"; };
		9F23E39B25D995E700F31550 /* PhotosResponse.swift */ = {isa = PBXFileReference; lastKnownFileType = sourcecode.swift; path = PhotosResponse.swift; sourceTree = "<group>"; };
		9F23E3A325D996EE00F31550 /* SizeResponse.swift */ = {isa = PBXFileReference; lastKnownFileType = sourcecode.swift; path = SizeResponse.swift; sourceTree = "<group>"; };
		9F23E3A725D99B4000F31550 /* GetSizesEndpoint.swift */ = {isa = PBXFileReference; lastKnownFileType = sourcecode.swift; path = GetSizesEndpoint.swift; sourceTree = "<group>"; };
		9F23E3AE25D99CE900F31550 /* GetSizesEndpointTests.swift */ = {isa = PBXFileReference; lastKnownFileType = sourcecode.swift; path = GetSizesEndpointTests.swift; sourceTree = "<group>"; };
		9F23E3B525D99E7400F31550 /* SearchEndpointTests.swift */ = {isa = PBXFileReference; lastKnownFileType = sourcecode.swift; path = SearchEndpointTests.swift; sourceTree = "<group>"; };
		9F23E3BB25D9A03E00F31550 /* GalleryRepository.swift */ = {isa = PBXFileReference; fileEncoding = 4; lastKnownFileType = sourcecode.swift; path = GalleryRepository.swift; sourceTree = "<group>"; };
		9F23E3BC25D9A03E00F31550 /* GalleryPresenter.swift */ = {isa = PBXFileReference; fileEncoding = 4; lastKnownFileType = sourcecode.swift; path = GalleryPresenter.swift; sourceTree = "<group>"; };
		9F23E3BD25D9A03E00F31550 /* GalleryProtocols.swift */ = {isa = PBXFileReference; fileEncoding = 4; lastKnownFileType = sourcecode.swift; path = GalleryProtocols.swift; sourceTree = "<group>"; };
		9F23E3C325D9A4D100F31550 /* Flickr-Info.plist */ = {isa = PBXFileReference; lastKnownFileType = text.plist.xml; path = "Flickr-Info.plist"; sourceTree = "<group>"; };
		9F23E3C825D9A60700F31550 /* KeyManager.swift */ = {isa = PBXFileReference; lastKnownFileType = sourcecode.swift; path = KeyManager.swift; sourceTree = "<group>"; };
		9F23E3CD25D9D2FB00F31550 /* GalleryStrings.swift */ = {isa = PBXFileReference; lastKnownFileType = sourcecode.swift; path = GalleryStrings.swift; sourceTree = "<group>"; };
		9F23E3D125D9D33D00F31550 /* GalleryStrings.strings */ = {isa = PBXFileReference; lastKnownFileType = text.plist.strings; path = GalleryStrings.strings; sourceTree = "<group>"; };
		9F23E3DA25D9DE6000F31550 /* GalleryRepositoryTests.swift */ = {isa = PBXFileReference; lastKnownFileType = sourcecode.swift; path = GalleryRepositoryTests.swift; sourceTree = "<group>"; };
		9F23E3E025D9DF1600F31550 /* SearchResponseMock.swift */ = {isa = PBXFileReference; lastKnownFileType = sourcecode.swift; path = SearchResponseMock.swift; sourceTree = "<group>"; };
		9F23E3E625D9E26300F31550 /* GalleryRepositoryMock.swift */ = {isa = PBXFileReference; lastKnownFileType = sourcecode.swift; path = GalleryRepositoryMock.swift; sourceTree = "<group>"; };
		9F23E3EA25D9E37300F31550 /* GalleryViewControllerMock.swift */ = {isa = PBXFileReference; lastKnownFileType = sourcecode.swift; path = GalleryViewControllerMock.swift; sourceTree = "<group>"; };
		9F23E3EE25D9E4CD00F31550 /* GalleryPresenterTests.swift */ = {isa = PBXFileReference; lastKnownFileType = sourcecode.swift; path = GalleryPresenterTests.swift; sourceTree = "<group>"; };
		9F23E3F225D9ECD900F31550 /* GalleryPresenterMock.swift */ = {isa = PBXFileReference; lastKnownFileType = sourcecode.swift; path = GalleryPresenterMock.swift; sourceTree = "<group>"; };
		9F23E3F625D9ED9400F31550 /* GalleryViewControllerTests.swift */ = {isa = PBXFileReference; lastKnownFileType = sourcecode.swift; path = GalleryViewControllerTests.swift; sourceTree = "<group>"; };
		9F23E3FC25D9F12F00F31550 /* AppCoordinatorTests.swift */ = {isa = PBXFileReference; lastKnownFileType = sourcecode.swift; path = AppCoordinatorTests.swift; sourceTree = "<group>"; };
		9F23E40525D9F96500F31550 /* PhotoCell.swift */ = {isa = PBXFileReference; lastKnownFileType = sourcecode.swift; path = PhotoCell.swift; sourceTree = "<group>"; };
		9F23E40925D9FBE200F31550 /* ImageDownloader.swift */ = {isa = PBXFileReference; lastKnownFileType = sourcecode.swift; path = ImageDownloader.swift; sourceTree = "<group>"; };
		9F23E40D25DA02BB00F31550 /* PhotosDataSource.swift */ = {isa = PBXFileReference; lastKnownFileType = sourcecode.swift; path = PhotosDataSource.swift; sourceTree = "<group>"; };
		9F23E41125DA030600F31550 /* PhotosViewModel.swift */ = {isa = PBXFileReference; lastKnownFileType = sourcecode.swift; path = PhotosViewModel.swift; sourceTree = "<group>"; };
		9F23E41525DA04FE00F31550 /* PhotosView.swift */ = {isa = PBXFileReference; lastKnownFileType = sourcecode.swift; path = PhotosView.swift; sourceTree = "<group>"; };
		9F23E41F25DAA16700F31550 /* LoadingView.swift */ = {isa = PBXFileReference; lastKnownFileType = sourcecode.swift; path = LoadingView.swift; sourceTree = "<group>"; };
		9F23E42425DAA7DF00F31550 /* GalleryColors.swift */ = {isa = PBXFileReference; lastKnownFileType = sourcecode.swift; path = GalleryColors.swift; sourceTree = "<group>"; };
		9F23E42C25DAC82C00F31550 /* GalleryColorsTests.swift */ = {isa = PBXFileReference; lastKnownFileType = sourcecode.swift; path = GalleryColorsTests.swift; sourceTree = "<group>"; };
		9F23E43425DACBC900F31550 /* ImageDownloaderTests.swift */ = {isa = PBXFileReference; lastKnownFileType = sourcecode.swift; path = ImageDownloaderTests.swift; sourceTree = "<group>"; };
		9F23E43A25DACC1000F31550 /* ImageManagerMock.swift */ = {isa = PBXFileReference; lastKnownFileType = sourcecode.swift; path = ImageManagerMock.swift; sourceTree = "<group>"; };
		9F23E43E25DAD77400F31550 /* GetSizesResponseMock.swift */ = {isa = PBXFileReference; lastKnownFileType = sourcecode.swift; path = GetSizesResponseMock.swift; sourceTree = "<group>"; };
		9F23E44325DADDC000F31550 /* LoadingViewTests.swift */ = {isa = PBXFileReference; lastKnownFileType = sourcecode.swift; path = LoadingViewTests.swift; sourceTree = "<group>"; };
		9F23E44F25DADFD300F31550 /* PhotoCellTests.swift */ = {isa = PBXFileReference; lastKnownFileType = sourcecode.swift; path = PhotoCellTests.swift; sourceTree = "<group>"; };
		9F23E45525DAE05800F31550 /* ImageMock.swift */ = {isa = PBXFileReference; lastKnownFileType = sourcecode.swift; path = ImageMock.swift; sourceTree = "<group>"; };
		9F23E45925DAE20100F31550 /* PhotosDataSourceTests.swift */ = {isa = PBXFileReference; lastKnownFileType = sourcecode.swift; path = PhotosDataSourceTests.swift; sourceTree = "<group>"; };
		9F23E45D25DAE2B700F31550 /* ImageDownloaderMock.swift */ = {isa = PBXFileReference; lastKnownFileType = sourcecode.swift; path = ImageDownloaderMock.swift; sourceTree = "<group>"; };
		9F23E46125DAEB2D00F31550 /* PhotosViewTests.swift */ = {isa = PBXFileReference; lastKnownFileType = sourcecode.swift; path = PhotosViewTests.swift; sourceTree = "<group>"; };
		9F8E40EC25DBD40A00E5A86C /* PhotoDetailView.swift */ = {isa = PBXFileReference; lastKnownFileType = sourcecode.swift; path = PhotoDetailView.swift; sourceTree = "<group>"; };
		9F8E40F225DBD7F000E5A86C /* PhotoDetailViewModel.swift */ = {isa = PBXFileReference; lastKnownFileType = sourcecode.swift; path = PhotoDetailViewModel.swift; sourceTree = "<group>"; };
		9F8E40F625DBD87800E5A86C /* PhotoDetailProtocols.swift */ = {isa = PBXFileReference; lastKnownFileType = sourcecode.swift; path = PhotoDetailProtocols.swift; sourceTree = "<group>"; };
		9F8E40FA25DBD90400E5A86C /* PhotoDetailViewController.swift */ = {isa = PBXFileReference; lastKnownFileType = sourcecode.swift; path = PhotoDetailViewController.swift; sourceTree = "<group>"; };
		9F8E40FE25DBD9A300E5A86C /* PhotoDetailPresenter.swift */ = {isa = PBXFileReference; lastKnownFileType = sourcecode.swift; path = PhotoDetailPresenter.swift; sourceTree = "<group>"; };
		9F8E410425DBE20E00E5A86C /* PhotoDetailViewTests.swift */ = {isa = PBXFileReference; lastKnownFileType = sourcecode.swift; path = PhotoDetailViewTests.swift; sourceTree = "<group>"; };
		9F8E410F25DBE89F00E5A86C /* PhotoDetailPresentMock.swift */ = {isa = PBXFileReference; lastKnownFileType = sourcecode.swift; path = PhotoDetailPresentMock.swift; sourceTree = "<group>"; };
		9F8E411525DBE90C00E5A86C /* PhotoDetailViewController.swift */ = {isa = PBXFileReference; lastKnownFileType = sourcecode.swift; path = PhotoDetailViewController.swift; sourceTree = "<group>"; };
/* End PBXFileReference section */

/* Begin PBXFrameworksBuildPhase section */
		9F23E30325D97C2C00F31550 /* Frameworks */ = {
			isa = PBXFrameworksBuildPhase;
			buildActionMask = 2147483647;
			files = (
				9F23E35325D97EFD00F31550 /* NetworkingModule in Frameworks */,
			);
			runOnlyForDeploymentPostprocessing = 0;
		};
		9F23E31925D97C2D00F31550 /* Frameworks */ = {
			isa = PBXFrameworksBuildPhase;
			buildActionMask = 2147483647;
			files = (
				9F23E44B25DADE4100F31550 /* SnapshotTesting in Frameworks */,
			);
			runOnlyForDeploymentPostprocessing = 0;
		};
/* End PBXFrameworksBuildPhase section */

/* Begin PBXGroup section */
		9F23E2FD25D97C2C00F31550 = {
			isa = PBXGroup;
			children = (
				9F23E30825D97C2C00F31550 /* GalleryApp */,
				9F23E31F25D97C2D00F31550 /* GalleryAppTests */,
				9F23E30725D97C2C00F31550 /* Products */,
			);
			sourceTree = "<group>";
		};
		9F23E30725D97C2C00F31550 /* Products */ = {
			isa = PBXGroup;
			children = (
				9F23E30625D97C2C00F31550 /* GalleryApp.app */,
				9F23E31C25D97C2D00F31550 /* GalleryAppTests.xctest */,
			);
			name = Products;
			sourceTree = "<group>";
		};
		9F23E30825D97C2C00F31550 /* GalleryApp */ = {
			isa = PBXGroup;
			children = (
				9F23E35A25D9831C00F31550 /* CoreService */,
				9F23E34325D97DF400F31550 /* Resource */,
				9F23E33F25D97D0C00F31550 /* Scene */,
			);
			path = GalleryApp;
			sourceTree = "<group>";
		};
		9F23E31F25D97C2D00F31550 /* GalleryAppTests */ = {
			isa = PBXGroup;
			children = (
				9F23E3FA25D9F10A00F31550 /* Resource */,
				9F23E37625D98A5900F31550 /* Mocks */,
				9F23E3D825D9DE4100F31550 /* Scene */,
				9F23E36925D988C300F31550 /* CoreService */,
				9F23E32225D97C2D00F31550 /* Info.plist */,
			);
			path = GalleryAppTests;
			sourceTree = "<group>";
		};
		9F23E33F25D97D0C00F31550 /* Scene */ = {
			isa = PBXGroup;
			children = (
				9F8E40EA25DBD3D900E5A86C /* PhotoDetail */,
				9F23E41D25DAA13F00F31550 /* Common */,
				9F23E34025D97D1500F31550 /* GalleryView */,
			);
			path = Scene;
			sourceTree = "<group>";
		};
		9F23E34025D97D1500F31550 /* GalleryView */ = {
			isa = PBXGroup;
			children = (
				9F23E40425D9F94F00F31550 /* View */,
				9F23E3BC25D9A03E00F31550 /* GalleryPresenter.swift */,
				9F23E3BD25D9A03E00F31550 /* GalleryProtocols.swift */,
				9F23E3BB25D9A03E00F31550 /* GalleryRepository.swift */,
				9F23E30D25D97C2C00F31550 /* GalleryViewController.swift */,
			);
			path = GalleryView;
			sourceTree = "<group>";
		};
		9F23E34325D97DF400F31550 /* Resource */ = {
			isa = PBXGroup;
			children = (
				9F23E31225D97C2D00F31550 /* Assets.xcassets */,
				9F23E31425D97C2D00F31550 /* LaunchScreen.storyboard */,
				9F23E3C725D9A5E100F31550 /* KeyManager */,
				9F23E3CC25D9D2CB00F31550 /* Strings */,
				9F23E42325DAA7CE00F31550 /* Colors */,
				9F23E34425D97DFD00F31550 /* App */,
			);
			path = Resource;
			sourceTree = "<group>";
		};
		9F23E34425D97DFD00F31550 /* App */ = {
			isa = PBXGroup;
			children = (
				9F23E34525D97E1000F31550 /* AppCoordinator.swift */,
				9F23E30925D97C2C00F31550 /* AppDelegate.swift */,
				9F23E30B25D97C2C00F31550 /* SceneDelegate.swift */,
				9F23E31725D97C2D00F31550 /* Info.plist */,
				9F23E3C325D9A4D100F31550 /* Flickr-Info.plist */,
			);
			path = App;
			sourceTree = "<group>";
		};
		9F23E35A25D9831C00F31550 /* CoreService */ = {
			isa = PBXGroup;
			children = (
				9F23E39025D992C700F31550 /* GetSizes */,
				9F23E38F25D992B600F31550 /* Search */,
				9F23E35B25D9833600F31550 /* ImageManager */,
			);
			path = CoreService;
			sourceTree = "<group>";
		};
		9F23E35B25D9833600F31550 /* ImageManager */ = {
			isa = PBXGroup;
			children = (
				9F23E36425D9841100F31550 /* Endpoitnt */,
				9F23E35C25D9834C00F31550 /* ImageManager.swift */,
				9F23E36025D983C600F31550 /* ImageStore.swift */,
			);
			path = ImageManager;
			sourceTree = "<group>";
		};
		9F23E36425D9841100F31550 /* Endpoitnt */ = {
			isa = PBXGroup;
			children = (
				9F23E36525D9841D00F31550 /* ImageEndpoint.swift */,
			);
			path = Endpoitnt;
			sourceTree = "<group>";
		};
		9F23E36925D988C300F31550 /* CoreService */ = {
			isa = PBXGroup;
			children = (
				9F23E3B425D99E6700F31550 /* Search */,
				9F23E3AD25D99CBB00F31550 /* GetSizes */,
				9F23E36A25D988CE00F31550 /* ImageManager */,
			);
			path = CoreService;
			sourceTree = "<group>";
		};
		9F23E36A25D988CE00F31550 /* ImageManager */ = {
			isa = PBXGroup;
			children = (
				9F23E36B25D988D600F31550 /* Endpoitnt */,
				9F23E37225D98A2900F31550 /* ImageManagerTests.swift */,
			);
			path = ImageManager;
			sourceTree = "<group>";
		};
		9F23E36B25D988D600F31550 /* Endpoitnt */ = {
			isa = PBXGroup;
			children = (
				9F23E36C25D9890000F31550 /* ImageEndpointTests.swift */,
			);
			path = Endpoitnt;
			sourceTree = "<group>";
		};
		9F23E37625D98A5900F31550 /* Mocks */ = {
			isa = PBXGroup;
			children = (
				9F8E410E25DBE86000E5A86C /* PhotoDetail */,
				9F8E410D25DBE84E00E5A86C /* GalleryView */,
				9F8E410C25DBE4F600E5A86C /* CoreService */,
				9F23E45525DAE05800F31550 /* ImageMock.swift */,
				9F23E45D25DAE2B700F31550 /* ImageDownloaderMock.swift */,
			);
			path = Mocks;
			sourceTree = "<group>";
		};
		9F23E38F25D992B600F31550 /* Search */ = {
			isa = PBXGroup;
			children = (
				9F23E39A25D995D700F31550 /* Model */,
				9F23E39925D995C500F31550 /* Endpoint */,
			);
			path = Search;
			sourceTree = "<group>";
		};
		9F23E39025D992C700F31550 /* GetSizes */ = {
			isa = PBXGroup;
			children = (
				9F23E3A225D996D900F31550 /* Model */,
				9F23E3A125D9967D00F31550 /* Endpoint */,
			);
			path = GetSizes;
			sourceTree = "<group>";
		};
		9F23E39925D995C500F31550 /* Endpoint */ = {
			isa = PBXGroup;
			children = (
				9F23E39225D992E700F31550 /* SearchEndpoint.swift */,
			);
			path = Endpoint;
			sourceTree = "<group>";
		};
		9F23E39A25D995D700F31550 /* Model */ = {
			isa = PBXGroup;
			children = (
				9F23E39B25D995E700F31550 /* PhotosResponse.swift */,
			);
			path = Model;
			sourceTree = "<group>";
		};
		9F23E3A125D9967D00F31550 /* Endpoint */ = {
			isa = PBXGroup;
			children = (
				9F23E3A725D99B4000F31550 /* GetSizesEndpoint.swift */,
			);
			path = Endpoint;
			sourceTree = "<group>";
		};
		9F23E3A225D996D900F31550 /* Model */ = {
			isa = PBXGroup;
			children = (
				9F23E3A325D996EE00F31550 /* SizeResponse.swift */,
			);
			path = Model;
			sourceTree = "<group>";
		};
		9F23E3AD25D99CBB00F31550 /* GetSizes */ = {
			isa = PBXGroup;
			children = (
				9F23E3AE25D99CE900F31550 /* GetSizesEndpointTests.swift */,
			);
			path = GetSizes;
			sourceTree = "<group>";
		};
		9F23E3B425D99E6700F31550 /* Search */ = {
			isa = PBXGroup;
			children = (
				9F23E3B525D99E7400F31550 /* SearchEndpointTests.swift */,
			);
			path = Search;
			sourceTree = "<group>";
		};
		9F23E3C725D9A5E100F31550 /* KeyManager */ = {
			isa = PBXGroup;
			children = (
				9F23E3C825D9A60700F31550 /* KeyManager.swift */,
			);
			path = KeyManager;
			sourceTree = "<group>";
		};
		9F23E3CC25D9D2CB00F31550 /* Strings */ = {
			isa = PBXGroup;
			children = (
				9F23E3CD25D9D2FB00F31550 /* GalleryStrings.swift */,
				9F23E3D125D9D33D00F31550 /* GalleryStrings.strings */,
			);
			path = Strings;
			sourceTree = "<group>";
		};
		9F23E3D825D9DE4100F31550 /* Scene */ = {
			isa = PBXGroup;
			children = (
				9F8E410225DBE1FC00E5A86C /* PhotoDetail */,
				9F23E43225DACBA000F31550 /* Common */,
				9F23E3D925D9DE5000F31550 /* GalleryView */,
			);
			path = Scene;
			sourceTree = "<group>";
		};
		9F23E3D925D9DE5000F31550 /* GalleryView */ = {
			isa = PBXGroup;
			children = (
				9F23E44E25DADFC800F31550 /* View */,
				9F23E3DA25D9DE6000F31550 /* GalleryRepositoryTests.swift */,
				9F23E3EE25D9E4CD00F31550 /* GalleryPresenterTests.swift */,
				9F23E3F625D9ED9400F31550 /* GalleryViewControllerTests.swift */,
			);
			path = GalleryView;
			sourceTree = "<group>";
		};
		9F23E3FA25D9F10A00F31550 /* Resource */ = {
			isa = PBXGroup;
			children = (
				9F23E42B25DAC81100F31550 /* Colors */,
				9F23E3FB25D9F11500F31550 /* App */,
			);
			path = Resource;
			sourceTree = "<group>";
		};
		9F23E3FB25D9F11500F31550 /* App */ = {
			isa = PBXGroup;
			children = (
				9F23E3FC25D9F12F00F31550 /* AppCoordinatorTests.swift */,
			);
			path = App;
			sourceTree = "<group>";
		};
		9F23E40425D9F94F00F31550 /* View */ = {
			isa = PBXGroup;
			children = (
				9F23E40525D9F96500F31550 /* PhotoCell.swift */,
				9F23E40D25DA02BB00F31550 /* PhotosDataSource.swift */,
				9F23E41125DA030600F31550 /* PhotosViewModel.swift */,
				9F23E41525DA04FE00F31550 /* PhotosView.swift */,
			);
			path = View;
			sourceTree = "<group>";
		};
		9F23E41D25DAA13F00F31550 /* Common */ = {
			isa = PBXGroup;
			children = (
				9F23E42825DAC31B00F31550 /* ImageDownloader */,
				9F23E41E25DAA15C00F31550 /* LoadingView */,
			);
			path = Common;
			sourceTree = "<group>";
		};
		9F23E41E25DAA15C00F31550 /* LoadingView */ = {
			isa = PBXGroup;
			children = (
				9F23E41F25DAA16700F31550 /* LoadingView.swift */,
			);
			path = LoadingView;
			sourceTree = "<group>";
		};
		9F23E42325DAA7CE00F31550 /* Colors */ = {
			isa = PBXGroup;
			children = (
				9F23E42425DAA7DF00F31550 /* GalleryColors.swift */,
			);
			path = Colors;
			sourceTree = "<group>";
		};
		9F23E42825DAC31B00F31550 /* ImageDownloader */ = {
			isa = PBXGroup;
			children = (
				9F23E40925D9FBE200F31550 /* ImageDownloader.swift */,
			);
			path = ImageDownloader;
			sourceTree = "<group>";
		};
		9F23E42B25DAC81100F31550 /* Colors */ = {
			isa = PBXGroup;
			children = (
				9F23E42C25DAC82C00F31550 /* GalleryColorsTests.swift */,
			);
			path = Colors;
			sourceTree = "<group>";
		};
		9F23E43225DACBA000F31550 /* Common */ = {
			isa = PBXGroup;
			children = (
				9F23E44225DADDB700F31550 /* LoadingView */,
				9F23E43325DACBA600F31550 /* ImageDownloader */,
			);
			path = Common;
			sourceTree = "<group>";
		};
		9F23E43325DACBA600F31550 /* ImageDownloader */ = {
			isa = PBXGroup;
			children = (
				9F23E43425DACBC900F31550 /* ImageDownloaderTests.swift */,
			);
			path = ImageDownloader;
			sourceTree = "<group>";
		};
		9F23E44225DADDB700F31550 /* LoadingView */ = {
			isa = PBXGroup;
			children = (
				9F23E44325DADDC000F31550 /* LoadingViewTests.swift */,
			);
			path = LoadingView;
			sourceTree = "<group>";
		};
		9F23E44E25DADFC800F31550 /* View */ = {
			isa = PBXGroup;
			children = (
				9F23E44F25DADFD300F31550 /* PhotoCellTests.swift */,
				9F23E45925DAE20100F31550 /* PhotosDataSourceTests.swift */,
				9F23E46125DAEB2D00F31550 /* PhotosViewTests.swift */,
			);
			path = View;
			sourceTree = "<group>";
		};
		9F8E40EA25DBD3D900E5A86C /* PhotoDetail */ = {
			isa = PBXGroup;
			children = (
				9F8E40EB25DBD3F000E5A86C /* View */,
				9F8E40F625DBD87800E5A86C /* PhotoDetailProtocols.swift */,
				9F8E40FA25DBD90400E5A86C /* PhotoDetailViewController.swift */,
				9F8E40FE25DBD9A300E5A86C /* PhotoDetailPresenter.swift */,
			);
			path = PhotoDetail;
			sourceTree = "<group>";
		};
		9F8E40EB25DBD3F000E5A86C /* View */ = {
			isa = PBXGroup;
			children = (
				9F8E40EC25DBD40A00E5A86C /* PhotoDetailView.swift */,
				9F8E40F225DBD7F000E5A86C /* PhotoDetailViewModel.swift */,
			);
			path = View;
			sourceTree = "<group>";
		};
		9F8E410225DBE1FC00E5A86C /* PhotoDetail */ = {
			isa = PBXGroup;
			children = (
				9F8E410325DBE20100E5A86C /* View */,
			);
			path = PhotoDetail;
			sourceTree = "<group>";
		};
		9F8E410325DBE20100E5A86C /* View */ = {
			isa = PBXGroup;
			children = (
				9F8E410425DBE20E00E5A86C /* PhotoDetailViewTests.swift */,
			);
			path = View;
			sourceTree = "<group>";
		};
		9F8E410C25DBE4F600E5A86C /* CoreService */ = {
			isa = PBXGroup;
			children = (
				9F23E43E25DAD77400F31550 /* GetSizesResponseMock.swift */,
				9F23E3E025D9DF1600F31550 /* SearchResponseMock.swift */,
				9F23E37725D98A6600F31550 /* MockNetworking.swift */,
				9F23E43A25DACC1000F31550 /* ImageManagerMock.swift */,
			);
			path = CoreService;
			sourceTree = "<group>";
		};
		9F8E410D25DBE84E00E5A86C /* GalleryView */ = {
			isa = PBXGroup;
			children = (
				9F23E3E625D9E26300F31550 /* GalleryRepositoryMock.swift */,
				9F23E3EA25D9E37300F31550 /* GalleryViewControllerMock.swift */,
				9F23E3F225D9ECD900F31550 /* GalleryPresenterMock.swift */,
			);
			path = GalleryView;
			sourceTree = "<group>";
		};
		9F8E410E25DBE86000E5A86C /* PhotoDetail */ = {
			isa = PBXGroup;
			children = (
				9F8E410F25DBE89F00E5A86C /* PhotoDetailPresentMock.swift */,
				9F8E411525DBE90C00E5A86C /* PhotoDetailViewController.swift */,
			);
			path = PhotoDetail;
			sourceTree = "<group>";
		};
/* End PBXGroup section */

/* Begin PBXNativeTarget section */
		9F23E30525D97C2C00F31550 /* GalleryApp */ = {
			isa = PBXNativeTarget;
			buildConfigurationList = 9F23E33025D97C2D00F31550 /* Build configuration list for PBXNativeTarget "GalleryApp" */;
			buildPhases = (
				9F23E30225D97C2C00F31550 /* Sources */,
				9F23E30325D97C2C00F31550 /* Frameworks */,
				9F23E30425D97C2C00F31550 /* Resources */,
			);
			buildRules = (
			);
			dependencies = (
			);
			name = GalleryApp;
			packageProductDependencies = (
				9F23E35225D97EFD00F31550 /* NetworkingModule */,
			);
			productName = GalleryApp;
			productReference = 9F23E30625D97C2C00F31550 /* GalleryApp.app */;
			productType = "com.apple.product-type.application";
		};
		9F23E31B25D97C2D00F31550 /* GalleryAppTests */ = {
			isa = PBXNativeTarget;
			buildConfigurationList = 9F23E33325D97C2D00F31550 /* Build configuration list for PBXNativeTarget "GalleryAppTests" */;
			buildPhases = (
				9F23E31825D97C2D00F31550 /* Sources */,
				9F23E31925D97C2D00F31550 /* Frameworks */,
				9F23E31A25D97C2D00F31550 /* Resources */,
			);
			buildRules = (
			);
			dependencies = (
				9F23E31E25D97C2D00F31550 /* PBXTargetDependency */,
			);
			name = GalleryAppTests;
			packageProductDependencies = (
				9F23E44A25DADE4100F31550 /* SnapshotTesting */,
			);
			productName = GalleryAppTests;
			productReference = 9F23E31C25D97C2D00F31550 /* GalleryAppTests.xctest */;
			productType = "com.apple.product-type.bundle.unit-test";
		};
/* End PBXNativeTarget section */

/* Begin PBXProject section */
		9F23E2FE25D97C2C00F31550 /* Project object */ = {
			isa = PBXProject;
			attributes = {
				LastSwiftUpdateCheck = 1220;
				LastUpgradeCheck = 1220;
				TargetAttributes = {
					9F23E30525D97C2C00F31550 = {
						CreatedOnToolsVersion = 12.2;
					};
					9F23E31B25D97C2D00F31550 = {
						CreatedOnToolsVersion = 12.2;
						TestTargetID = 9F23E30525D97C2C00F31550;
					};
				};
			};
			buildConfigurationList = 9F23E30125D97C2C00F31550 /* Build configuration list for PBXProject "GalleryApp" */;
			compatibilityVersion = "Xcode 9.3";
			developmentRegion = en;
			hasScannedForEncodings = 0;
			knownRegions = (
				en,
				Base,
			);
			mainGroup = 9F23E2FD25D97C2C00F31550;
			packageReferences = (
				9F23E35125D97EFD00F31550 /* XCRemoteSwiftPackageReference "networkingModule" */,
				9F23E44925DADE4100F31550 /* XCRemoteSwiftPackageReference "swift-snapshot-testing" */,
			);
			productRefGroup = 9F23E30725D97C2C00F31550 /* Products */;
			projectDirPath = "";
			projectRoot = "";
			targets = (
				9F23E30525D97C2C00F31550 /* GalleryApp */,
				9F23E31B25D97C2D00F31550 /* GalleryAppTests */,
			);
		};
/* End PBXProject section */

/* Begin PBXResourcesBuildPhase section */
		9F23E30425D97C2C00F31550 /* Resources */ = {
			isa = PBXResourcesBuildPhase;
			buildActionMask = 2147483647;
			files = (
				9F23E3D225D9D33D00F31550 /* GalleryStrings.strings in Resources */,
				9F23E3C425D9A4D100F31550 /* Flickr-Info.plist in Resources */,
				9F23E31625D97C2D00F31550 /* LaunchScreen.storyboard in Resources */,
				9F23E31325D97C2D00F31550 /* Assets.xcassets in Resources */,
			);
			runOnlyForDeploymentPostprocessing = 0;
		};
		9F23E31A25D97C2D00F31550 /* Resources */ = {
			isa = PBXResourcesBuildPhase;
			buildActionMask = 2147483647;
			files = (
			);
			runOnlyForDeploymentPostprocessing = 0;
		};
/* End PBXResourcesBuildPhase section */

/* Begin PBXSourcesBuildPhase section */
		9F23E30225D97C2C00F31550 /* Sources */ = {
			isa = PBXSourcesBuildPhase;
			buildActionMask = 2147483647;
			files = (
				9F23E3BF25D9A03E00F31550 /* GalleryPresenter.swift in Sources */,
				9F23E3A425D996EE00F31550 /* SizeResponse.swift in Sources */,
				9F23E34625D97E1000F31550 /* AppCoordinator.swift in Sources */,
				9F23E42025DAA16700F31550 /* LoadingView.swift in Sources */,
				9F23E39325D992E700F31550 /* SearchEndpoint.swift in Sources */,
				9F23E35D25D9834C00F31550 /* ImageManager.swift in Sources */,
				9F23E42525DAA7DF00F31550 /* GalleryColors.swift in Sources */,
				9F23E40625D9F96500F31550 /* PhotoCell.swift in Sources */,
				9F8E40ED25DBD40A00E5A86C /* PhotoDetailView.swift in Sources */,
				9F23E3A825D99B4000F31550 /* GetSizesEndpoint.swift in Sources */,
				9F8E40FF25DBD9A300E5A86C /* PhotoDetailPresenter.swift in Sources */,
				9F23E40E25DA02BB00F31550 /* PhotosDataSource.swift in Sources */,
				9F23E30E25D97C2C00F31550 /* GalleryViewController.swift in Sources */,
				9F23E41625DA04FE00F31550 /* PhotosView.swift in Sources */,
				9F23E41225DA030600F31550 /* PhotosViewModel.swift in Sources */,
				9F23E36625D9841D00F31550 /* ImageEndpoint.swift in Sources */,
				9F23E39C25D995E700F31550 /* PhotosResponse.swift in Sources */,
				9F23E3CE25D9D2FB00F31550 /* GalleryStrings.swift in Sources */,
				9F23E30A25D97C2C00F31550 /* AppDelegate.swift in Sources */,
				9F23E3C025D9A03E00F31550 /* GalleryProtocols.swift in Sources */,
				9F8E40F325DBD7F000E5A86C /* PhotoDetailViewModel.swift in Sources */,
				9F23E3C925D9A60700F31550 /* KeyManager.swift in Sources */,
				9F23E30C25D97C2C00F31550 /* SceneDelegate.swift in Sources */,
				9F23E3BE25D9A03E00F31550 /* GalleryRepository.swift in Sources */,
				9F23E40A25D9FBE200F31550 /* ImageDownloader.swift in Sources */,
				9F8E40FB25DBD90400E5A86C /* PhotoDetailViewController.swift in Sources */,
				9F23E36125D983C600F31550 /* ImageStore.swift in Sources */,
				9F8E40F725DBD87800E5A86C /* PhotoDetailProtocols.swift in Sources */,
			);
			runOnlyForDeploymentPostprocessing = 0;
		};
		9F23E31825D97C2D00F31550 /* Sources */ = {
			isa = PBXSourcesBuildPhase;
			buildActionMask = 2147483647;
			files = (
				9F23E42D25DAC82C00F31550 /* GalleryColorsTests.swift in Sources */,
				9F23E3E725D9E26300F31550 /* GalleryRepositoryMock.swift in Sources */,
				9F23E3EF25D9E4CD00F31550 /* GalleryPresenterTests.swift in Sources */,
				9F23E3F725D9ED9400F31550 /* GalleryViewControllerTests.swift in Sources */,
				9F23E3F325D9ECD900F31550 /* GalleryPresenterMock.swift in Sources */,
				9F8E411025DBE89F00E5A86C /* PhotoDetailPresentMock.swift in Sources */,
				9F23E3FD25D9F12F00F31550 /* AppCoordinatorTests.swift in Sources */,
				9F23E3EB25D9E37300F31550 /* GalleryViewControllerMock.swift in Sources */,
				9F23E45625DAE05800F31550 /* ImageMock.swift in Sources */,
				9F23E44425DADDC000F31550 /* LoadingViewTests.swift in Sources */,
				9F23E3DB25D9DE6000F31550 /* GalleryRepositoryTests.swift in Sources */,
				9F23E43525DACBC900F31550 /* ImageDownloaderTests.swift in Sources */,
				9F23E45A25DAE20100F31550 /* PhotosDataSourceTests.swift in Sources */,
				9F8E410525DBE20E00E5A86C /* PhotoDetailViewTests.swift in Sources */,
				9F23E43B25DACC1000F31550 /* ImageManagerMock.swift in Sources */,
				9F23E3B625D99E7400F31550 /* SearchEndpointTests.swift in Sources */,
				9F23E43F25DAD77400F31550 /* GetSizesResponseMock.swift in Sources */,
				9F23E46225DAEB2D00F31550 /* PhotosViewTests.swift in Sources */,
				9F8E411625DBE90C00E5A86C /* PhotoDetailViewController.swift in Sources */,
				9F23E37325D98A2900F31550 /* ImageManagerTests.swift in Sources */,
				9F23E3E125D9DF1600F31550 /* SearchResponseMock.swift in Sources */,
				9F23E45025DADFD300F31550 /* PhotoCellTests.swift in Sources */,
				9F23E37825D98A6600F31550 /* MockNetworking.swift in Sources */,
				9F23E3AF25D99CE900F31550 /* GetSizesEndpointTests.swift in Sources */,
				9F23E45E25DAE2B700F31550 /* ImageDownloaderMock.swift in Sources */,
				9F23E36D25D9890000F31550 /* ImageEndpointTests.swift in Sources */,
			);
			runOnlyForDeploymentPostprocessing = 0;
		};
/* End PBXSourcesBuildPhase section */

/* Begin PBXTargetDependency section */
		9F23E31E25D97C2D00F31550 /* PBXTargetDependency */ = {
			isa = PBXTargetDependency;
			target = 9F23E30525D97C2C00F31550 /* GalleryApp */;
			targetProxy = 9F23E31D25D97C2D00F31550 /* PBXContainerItemProxy */;
		};
/* End PBXTargetDependency section */

/* Begin PBXVariantGroup section */
		9F23E31425D97C2D00F31550 /* LaunchScreen.storyboard */ = {
			isa = PBXVariantGroup;
			children = (
				9F23E31525D97C2D00F31550 /* Base */,
			);
			name = LaunchScreen.storyboard;
			sourceTree = "<group>";
		};
/* End PBXVariantGroup section */

/* Begin XCBuildConfiguration section */
		9F23E32E25D97C2D00F31550 /* Debug */ = {
			isa = XCBuildConfiguration;
			buildSettings = {
				ALWAYS_SEARCH_USER_PATHS = NO;
				CLANG_ANALYZER_NONNULL = YES;
				CLANG_ANALYZER_NUMBER_OBJECT_CONVERSION = YES_AGGRESSIVE;
				CLANG_CXX_LANGUAGE_STANDARD = "gnu++14";
				CLANG_CXX_LIBRARY = "libc++";
				CLANG_ENABLE_MODULES = YES;
				CLANG_ENABLE_OBJC_ARC = YES;
				CLANG_ENABLE_OBJC_WEAK = YES;
				CLANG_WARN_BLOCK_CAPTURE_AUTORELEASING = YES;
				CLANG_WARN_BOOL_CONVERSION = YES;
				CLANG_WARN_COMMA = YES;
				CLANG_WARN_CONSTANT_CONVERSION = YES;
				CLANG_WARN_DEPRECATED_OBJC_IMPLEMENTATIONS = YES;
				CLANG_WARN_DIRECT_OBJC_ISA_USAGE = YES_ERROR;
				CLANG_WARN_DOCUMENTATION_COMMENTS = YES;
				CLANG_WARN_EMPTY_BODY = YES;
				CLANG_WARN_ENUM_CONVERSION = YES;
				CLANG_WARN_INFINITE_RECURSION = YES;
				CLANG_WARN_INT_CONVERSION = YES;
				CLANG_WARN_NON_LITERAL_NULL_CONVERSION = YES;
				CLANG_WARN_OBJC_IMPLICIT_RETAIN_SELF = YES;
				CLANG_WARN_OBJC_LITERAL_CONVERSION = YES;
				CLANG_WARN_OBJC_ROOT_CLASS = YES_ERROR;
				CLANG_WARN_QUOTED_INCLUDE_IN_FRAMEWORK_HEADER = YES;
				CLANG_WARN_RANGE_LOOP_ANALYSIS = YES;
				CLANG_WARN_STRICT_PROTOTYPES = YES;
				CLANG_WARN_SUSPICIOUS_MOVE = YES;
				CLANG_WARN_UNGUARDED_AVAILABILITY = YES_AGGRESSIVE;
				CLANG_WARN_UNREACHABLE_CODE = YES;
				CLANG_WARN__DUPLICATE_METHOD_MATCH = YES;
				COPY_PHASE_STRIP = NO;
				DEBUG_INFORMATION_FORMAT = dwarf;
				ENABLE_STRICT_OBJC_MSGSEND = YES;
				ENABLE_TESTABILITY = YES;
				GCC_C_LANGUAGE_STANDARD = gnu11;
				GCC_DYNAMIC_NO_PIC = NO;
				GCC_NO_COMMON_BLOCKS = YES;
				GCC_OPTIMIZATION_LEVEL = 0;
				GCC_PREPROCESSOR_DEFINITIONS = (
					"DEBUG=1",
					"$(inherited)",
				);
				GCC_WARN_64_TO_32_BIT_CONVERSION = YES;
				GCC_WARN_ABOUT_RETURN_TYPE = YES_ERROR;
				GCC_WARN_UNDECLARED_SELECTOR = YES;
				GCC_WARN_UNINITIALIZED_AUTOS = YES_AGGRESSIVE;
				GCC_WARN_UNUSED_FUNCTION = YES;
				GCC_WARN_UNUSED_VARIABLE = YES;
				IPHONEOS_DEPLOYMENT_TARGET = 13.0;
				MTL_ENABLE_DEBUG_INFO = INCLUDE_SOURCE;
				MTL_FAST_MATH = YES;
				ONLY_ACTIVE_ARCH = YES;
				SDKROOT = iphoneos;
				SWIFT_ACTIVE_COMPILATION_CONDITIONS = DEBUG;
				SWIFT_OPTIMIZATION_LEVEL = "-Onone";
			};
			name = Debug;
		};
		9F23E32F25D97C2D00F31550 /* Release */ = {
			isa = XCBuildConfiguration;
			buildSettings = {
				ALWAYS_SEARCH_USER_PATHS = NO;
				CLANG_ANALYZER_NONNULL = YES;
				CLANG_ANALYZER_NUMBER_OBJECT_CONVERSION = YES_AGGRESSIVE;
				CLANG_CXX_LANGUAGE_STANDARD = "gnu++14";
				CLANG_CXX_LIBRARY = "libc++";
				CLANG_ENABLE_MODULES = YES;
				CLANG_ENABLE_OBJC_ARC = YES;
				CLANG_ENABLE_OBJC_WEAK = YES;
				CLANG_WARN_BLOCK_CAPTURE_AUTORELEASING = YES;
				CLANG_WARN_BOOL_CONVERSION = YES;
				CLANG_WARN_COMMA = YES;
				CLANG_WARN_CONSTANT_CONVERSION = YES;
				CLANG_WARN_DEPRECATED_OBJC_IMPLEMENTATIONS = YES;
				CLANG_WARN_DIRECT_OBJC_ISA_USAGE = YES_ERROR;
				CLANG_WARN_DOCUMENTATION_COMMENTS = YES;
				CLANG_WARN_EMPTY_BODY = YES;
				CLANG_WARN_ENUM_CONVERSION = YES;
				CLANG_WARN_INFINITE_RECURSION = YES;
				CLANG_WARN_INT_CONVERSION = YES;
				CLANG_WARN_NON_LITERAL_NULL_CONVERSION = YES;
				CLANG_WARN_OBJC_IMPLICIT_RETAIN_SELF = YES;
				CLANG_WARN_OBJC_LITERAL_CONVERSION = YES;
				CLANG_WARN_OBJC_ROOT_CLASS = YES_ERROR;
				CLANG_WARN_QUOTED_INCLUDE_IN_FRAMEWORK_HEADER = YES;
				CLANG_WARN_RANGE_LOOP_ANALYSIS = YES;
				CLANG_WARN_STRICT_PROTOTYPES = YES;
				CLANG_WARN_SUSPICIOUS_MOVE = YES;
				CLANG_WARN_UNGUARDED_AVAILABILITY = YES_AGGRESSIVE;
				CLANG_WARN_UNREACHABLE_CODE = YES;
				CLANG_WARN__DUPLICATE_METHOD_MATCH = YES;
				COPY_PHASE_STRIP = NO;
				DEBUG_INFORMATION_FORMAT = "dwarf-with-dsym";
				ENABLE_NS_ASSERTIONS = NO;
				ENABLE_STRICT_OBJC_MSGSEND = YES;
				GCC_C_LANGUAGE_STANDARD = gnu11;
				GCC_NO_COMMON_BLOCKS = YES;
				GCC_WARN_64_TO_32_BIT_CONVERSION = YES;
				GCC_WARN_ABOUT_RETURN_TYPE = YES_ERROR;
				GCC_WARN_UNDECLARED_SELECTOR = YES;
				GCC_WARN_UNINITIALIZED_AUTOS = YES_AGGRESSIVE;
				GCC_WARN_UNUSED_FUNCTION = YES;
				GCC_WARN_UNUSED_VARIABLE = YES;
				IPHONEOS_DEPLOYMENT_TARGET = 13.0;
				MTL_ENABLE_DEBUG_INFO = NO;
				MTL_FAST_MATH = YES;
				SDKROOT = iphoneos;
				SWIFT_COMPILATION_MODE = wholemodule;
				SWIFT_OPTIMIZATION_LEVEL = "-O";
				VALIDATE_PRODUCT = YES;
			};
			name = Release;
		};
		9F23E33125D97C2D00F31550 /* Debug */ = {
			isa = XCBuildConfiguration;
			buildSettings = {
				ASSETCATALOG_COMPILER_APPICON_NAME = AppIcon;
				ASSETCATALOG_COMPILER_GLOBAL_ACCENT_COLOR_NAME = AccentColor;
				CODE_SIGN_STYLE = Automatic;
				DEVELOPMENT_TEAM = MD42R8FHUC;
				INFOPLIST_FILE = GalleryApp/Resource/App/Info.plist;
				LD_RUNPATH_SEARCH_PATHS = (
					"$(inherited)",
					"@executable_path/Frameworks",
				);
				PRODUCT_BUNDLE_IDENTIFIER = br.com.btas.GalleryApp;
				PRODUCT_NAME = "$(TARGET_NAME)";
				SWIFT_VERSION = 5.0;
				TARGETED_DEVICE_FAMILY = 1;
			};
			name = Debug;
		};
		9F23E33225D97C2D00F31550 /* Release */ = {
			isa = XCBuildConfiguration;
			buildSettings = {
				ASSETCATALOG_COMPILER_APPICON_NAME = AppIcon;
				ASSETCATALOG_COMPILER_GLOBAL_ACCENT_COLOR_NAME = AccentColor;
				CODE_SIGN_STYLE = Automatic;
				DEVELOPMENT_TEAM = MD42R8FHUC;
				INFOPLIST_FILE = GalleryApp/Resource/App/Info.plist;
				LD_RUNPATH_SEARCH_PATHS = (
					"$(inherited)",
					"@executable_path/Frameworks",
				);
				PRODUCT_BUNDLE_IDENTIFIER = br.com.btas.GalleryApp;
				PRODUCT_NAME = "$(TARGET_NAME)";
				SWIFT_VERSION = 5.0;
				TARGETED_DEVICE_FAMILY = 1;
			};
			name = Release;
		};
		9F23E33425D97C2D00F31550 /* Debug */ = {
			isa = XCBuildConfiguration;
			buildSettings = {
				ALWAYS_EMBED_SWIFT_STANDARD_LIBRARIES = YES;
				BUNDLE_LOADER = "$(TEST_HOST)";
				CODE_SIGN_STYLE = Automatic;
				DEVELOPMENT_TEAM = MD42R8FHUC;
				INFOPLIST_FILE = GalleryAppTests/Info.plist;
				IPHONEOS_DEPLOYMENT_TARGET = 14.2;
				LD_RUNPATH_SEARCH_PATHS = (
					"$(inherited)",
					"@executable_path/Frameworks",
					"@loader_path/Frameworks",
				);
				PRODUCT_BUNDLE_IDENTIFIER = br.com.btas.GalleryAppTests;
				PRODUCT_NAME = "$(TARGET_NAME)";
				SWIFT_VERSION = 5.0;
				TARGETED_DEVICE_FAMILY = "1,2";
				TEST_HOST = "$(BUILT_PRODUCTS_DIR)/GalleryApp.app/GalleryApp";
			};
			name = Debug;
		};
		9F23E33525D97C2D00F31550 /* Release */ = {
			isa = XCBuildConfiguration;
			buildSettings = {
				ALWAYS_EMBED_SWIFT_STANDARD_LIBRARIES = YES;
				BUNDLE_LOADER = "$(TEST_HOST)";
				CODE_SIGN_STYLE = Automatic;
				DEVELOPMENT_TEAM = MD42R8FHUC;
				INFOPLIST_FILE = GalleryAppTests/Info.plist;
				IPHONEOS_DEPLOYMENT_TARGET = 14.2;
				LD_RUNPATH_SEARCH_PATHS = (
					"$(inherited)",
					"@executable_path/Frameworks",
					"@loader_path/Frameworks",
				);
				PRODUCT_BUNDLE_IDENTIFIER = br.com.btas.GalleryAppTests;
				PRODUCT_NAME = "$(TARGET_NAME)";
				SWIFT_VERSION = 5.0;
				TARGETED_DEVICE_FAMILY = "1,2";
				TEST_HOST = "$(BUILT_PRODUCTS_DIR)/GalleryApp.app/GalleryApp";
			};
			name = Release;
		};
/* End XCBuildConfiguration section */

/* Begin XCConfigurationList section */
		9F23E30125D97C2C00F31550 /* Build configuration list for PBXProject "GalleryApp" */ = {
			isa = XCConfigurationList;
			buildConfigurations = (
				9F23E32E25D97C2D00F31550 /* Debug */,
				9F23E32F25D97C2D00F31550 /* Release */,
			);
			defaultConfigurationIsVisible = 0;
			defaultConfigurationName = Release;
		};
		9F23E33025D97C2D00F31550 /* Build configuration list for PBXNativeTarget "GalleryApp" */ = {
			isa = XCConfigurationList;
			buildConfigurations = (
				9F23E33125D97C2D00F31550 /* Debug */,
				9F23E33225D97C2D00F31550 /* Release */,
			);
			defaultConfigurationIsVisible = 0;
			defaultConfigurationName = Release;
		};
		9F23E33325D97C2D00F31550 /* Build configuration list for PBXNativeTarget "GalleryAppTests" */ = {
			isa = XCConfigurationList;
			buildConfigurations = (
				9F23E33425D97C2D00F31550 /* Debug */,
				9F23E33525D97C2D00F31550 /* Release */,
			);
			defaultConfigurationIsVisible = 0;
			defaultConfigurationName = Release;
		};
/* End XCConfigurationList section */

/* Begin XCRemoteSwiftPackageReference section */
		9F23E35125D97EFD00F31550 /* XCRemoteSwiftPackageReference "networkingModule" */ = {
			isa = XCRemoteSwiftPackageReference;
			repositoryURL = "git@github.com:btalyta/networkingModule.git";
			requirement = {
				kind = upToNextMajorVersion;
				minimumVersion = 1.0.1;
			};
		};
		9F23E44925DADE4100F31550 /* XCRemoteSwiftPackageReference "swift-snapshot-testing" */ = {
			isa = XCRemoteSwiftPackageReference;
			repositoryURL = "https://github.com/pointfreeco/swift-snapshot-testing";
			requirement = {
				kind = upToNextMajorVersion;
				minimumVersion = 1.8.2;
			};
		};
/* End XCRemoteSwiftPackageReference section */

/* Begin XCSwiftPackageProductDependency section */
		9F23E35225D97EFD00F31550 /* NetworkingModule */ = {
			isa = XCSwiftPackageProductDependency;
			package = 9F23E35125D97EFD00F31550 /* XCRemoteSwiftPackageReference "networkingModule" */;
			productName = NetworkingModule;
		};
		9F23E44A25DADE4100F31550 /* SnapshotTesting */ = {
			isa = XCSwiftPackageProductDependency;
			package = 9F23E44925DADE4100F31550 /* XCRemoteSwiftPackageReference "swift-snapshot-testing" */;
			productName = SnapshotTesting;
		};
/* End XCSwiftPackageProductDependency section */
	};
	rootObject = 9F23E2FE25D97C2C00F31550 /* Project object */;
}
